
Microsoft Visual Studio Solution File, Format Version 12.00
# Visual Studio Version 17
VisualStudioVersion = 17.0.31903.59
MinimumVisualStudioVersion = 10.0.40219.1
Project("{2150E333-8FDC-42A3-9474-1A3956D46DE8}") = "src", "src", "{4793D4AA-9CC2-4A3E-A833-DE840D7CA7B3}"
EndProject
Project("{2150E333-8FDC-42A3-9474-1A3956D46DE8}") = "meta", "meta", "{D8864F6A-638C-4236-A5E0-6B0AAA835163}"
	ProjectSection(SolutionItems) = preProject
		.dockerignore = .dockerignore
		.gitignore = .gitignore
		azure-pipelines-simple.yml = azure-pipelines-simple.yml
		azure-pipelines.yml = azure-pipelines.yml
		Dockerfile = Dockerfile
		docker-compose.yml = docker-compose.yml
		README.md = README.md
	EndProjectSection
EndProject
Project("{FAE04EC0-301F-11D3-BF4B-00C04F79EFBC}") = "Northwind.Portal.Domain", "src\Northwind.Portal.Domain\Northwind.Portal.Domain.csproj", "{A2027A86-CE60-492D-9EAB-848D0546CE4C}"
EndProject
Project("{FAE04EC0-301F-11D3-BF4B-00C04F79EFBC}") = "Northwind.Portal.Data", "src\Northwind.Portal.Data\Northwind.Portal.Data.csproj", "{E1F305E2-C132-49D2-A4B1-FAD30E9B874D}"
EndProject
Project("{FAE04EC0-301F-11D3-BF4B-00C04F79EFBC}") = "Northwind.Portal.Web", "src\Northwind.Portal.Web\Northwind.Portal.Web.csproj", "{8D6C2CD9-2F17-446B-A5A6-FE20EDA3AEC5}"
EndProject
Project("{FAE04EC0-301F-11D3-BF4B-00C04F79EFBC}") = "Northwind.Portal.AI", "src\Northwind.Portal.AI\Northwind.Portal.AI.csproj", "{2AD8FCB8-3A8B-473F-B2CC-52CAF7DBE7C5}"
EndProject
Global
	GlobalSection(SolutionConfigurationPlatforms) = preSolution
		Debug|Any CPU = Debug|Any CPU
		Debug|x64 = Debug|x64
		Debug|x86 = Debug|x86
		Release|Any CPU = Release|Any CPU
		Release|x64 = Release|x64
		Release|x86 = Release|x86
	EndGlobalSection
	GlobalSection(ProjectConfigurationPlatforms) = postSolution
		{A2027A86-CE60-492D-9EAB-848D0546CE4C}.Debug|Any CPU.ActiveCfg = Debug|Any CPU
		{A2027A86-CE60-492D-9EAB-848D0546CE4C}.Debug|Any CPU.Build.0 = Debug|Any CPU
		{A2027A86-CE60-492D-9EAB-848D0546CE4C}.Debug|x64.ActiveCfg = Debug|Any CPU
		{A2027A86-CE60-492D-9EAB-848D0546CE4C}.Debug|x64.Build.0 = Debug|Any CPU
		{A2027A86-CE60-492D-9EAB-848D0546CE4C}.Debug|x86.ActiveCfg = Debug|Any CPU
		{A2027A86-CE60-492D-9EAB-848D0546CE4C}.Debug|x86.Build.0 = Debug|Any CPU
		{A2027A86-CE60-492D-9EAB-848D0546CE4C}.Release|Any CPU.ActiveCfg = Release|Any CPU
		{A2027A86-CE60-492D-9EAB-848D0546CE4C}.Release|Any CPU.Build.0 = Release|Any CPU
		{A2027A86-CE60-492D-9EAB-848D0546CE4C}.Release|x64.ActiveCfg = Release|Any CPU
		{A2027A86-CE60-492D-9EAB-848D0546CE4C}.Release|x64.Build.0 = Release|Any CPU
		{A2027A86-CE60-492D-9EAB-848D0546CE4C}.Release|x86.ActiveCfg = Release|Any CPU
		{A2027A86-CE60-492D-9EAB-848D0546CE4C}.Release|x86.Build.0 = Release|Any CPU
		{E1F305E2-C132-49D2-A4B1-FAD30E9B874D}.Debug|Any CPU.ActiveCfg = Debug|Any CPU
		{E1F305E2-C132-49D2-A4B1-FAD30E9B874D}.Debug|Any CPU.Build.0 = Debug|Any CPU
		{E1F305E2-C132-49D2-A4B1-FAD30E9B874D}.Debug|x64.ActiveCfg = Debug|Any CPU
		{E1F305E2-C132-49D2-A4B1-FAD30E9B874D}.Debug|x64.Build.0 = Debug|Any CPU
		{E1F305E2-C132-49D2-A4B1-FAD30E9B874D}.Debug|x86.ActiveCfg = Debug|Any CPU
		{E1F305E2-C132-49D2-A4B1-FAD30E9B874D}.Debug|x86.Build.0 = Debug|Any CPU
		{E1F305E2-C132-49D2-A4B1-FAD30E9B874D}.Release|Any CPU.ActiveCfg = Release|Any CPU
		{E1F305E2-C132-49D2-A4B1-FAD30E9B874D}.Release|Any CPU.Build.0 = Release|Any CPU
		{E1F305E2-C132-49D2-A4B1-FAD30E9B874D}.Release|x64.ActiveCfg = Release|Any CPU
		{E1F305E2-C132-49D2-A4B1-FAD30E9B874D}.Release|x64.Build.0 = Release|Any CPU
		{E1F305E2-C132-49D2-A4B1-FAD30E9B874D}.Release|x86.ActiveCfg = Release|Any CPU
		{E1F305E2-C132-49D2-A4B1-FAD30E9B874D}.Release|x86.Build.0 = Release|Any CPU
		{8D6C2CD9-2F17-446B-A5A6-FE20EDA3AEC5}.Debug|Any CPU.ActiveCfg = Debug|Any CPU
		{8D6C2CD9-2F17-446B-A5A6-FE20EDA3AEC5}.Debug|Any CPU.Build.0 = Debug|Any CPU
		{8D6C2CD9-2F17-446B-A5A6-FE20EDA3AEC5}.Debug|x64.ActiveCfg = Debug|Any CPU
		{8D6C2CD9-2F17-446B-A5A6-FE20EDA3AEC5}.Debug|x64.Build.0 = Debug|Any CPU
		{8D6C2CD9-2F17-446B-A5A6-FE20EDA3AEC5}.Debug|x86.ActiveCfg = Debug|Any CPU
		{8D6C2CD9-2F17-446B-A5A6-FE20EDA3AEC5}.Debug|x86.Build.0 = Debug|Any CPU
		{8D6C2CD9-2F17-446B-A5A6-FE20EDA3AEC5}.Release|Any CPU.ActiveCfg = Release|Any CPU
		{8D6C2CD9-2F17-446B-A5A6-FE20EDA3AEC5}.Release|Any CPU.Build.0 = Release|Any CPU
		{8D6C2CD9-2F17-446B-A5A6-FE20EDA3AEC5}.Release|x64.ActiveCfg = Release|Any CPU
		{8D6C2CD9-2F17-446B-A5A6-FE20EDA3AEC5}.Release|x64.Build.0 = Release|Any CPU
		{8D6C2CD9-2F17-446B-A5A6-FE20EDA3AEC5}.Release|x86.ActiveCfg = Release|Any CPU
		{8D6C2CD9-2F17-446B-A5A6-FE20EDA3AEC5}.Release|x86.Build.0 = Release|Any CPU
		{2AD8FCB8-3A8B-473F-B2CC-52CAF7DBE7C5}.Debug|Any CPU.ActiveCfg = Debug|Any CPU
		{2AD8FCB8-3A8B-473F-B2CC-52CAF7DBE7C5}.Debug|Any CPU.Build.0 = Debug|Any CPU
		{2AD8FCB8-3A8B-473F-B2CC-52CAF7DBE7C5}.Debug|x64.ActiveCfg = Debug|Any CPU
		{2AD8FCB8-3A8B-473F-B2CC-52CAF7DBE7C5}.Debug|x64.Build.0 = Debug|Any CPU
		{2AD8FCB8-3A8B-473F-B2CC-52CAF7DBE7C5}.Debug|x86.ActiveCfg = Debug|Any CPU
		{2AD8FCB8-3A8B-473F-B2CC-52CAF7DBE7C5}.Debug|x86.Build.0 = Debug|Any CPU
		{2AD8FCB8-3A8B-473F-B2CC-52CAF7DBE7C5}.Release|Any CPU.ActiveCfg = Release|Any CPU
		{2AD8FCB8-3A8B-473F-B2CC-52CAF7DBE7C5}.Release|Any CPU.Build.0 = Release|Any CPU
		{2AD8FCB8-3A8B-473F-B2CC-52CAF7DBE7C5}.Release|x64.ActiveCfg = Release|Any CPU
		{2AD8FCB8-3A8B-473F-B2CC-52CAF7DBE7C5}.Release|x64.Build.0 = Release|Any CPU
		{2AD8FCB8-3A8B-473F-B2CC-52CAF7DBE7C5}.Release|x86.ActiveCfg = Release|Any CPU
		{2AD8FCB8-3A8B-473F-B2CC-52CAF7DBE7C5}.Release|x86.Build.0 = Release|Any CPU
	EndGlobalSection
	GlobalSection(SolutionProperties) = preSolution
		HideSolutionNode = FALSE
	EndGlobalSection
	GlobalSection(NestedProjects) = preSolution
		{A2027A86-CE60-492D-9EAB-848D0546CE4C} = {4793D4AA-9CC2-4A3E-A833-DE840D7CA7B3}
		{E1F305E2-C132-49D2-A4B1-FAD30E9B874D} = {4793D4AA-9CC2-4A3E-A833-DE840D7CA7B3}
		{8D6C2CD9-2F17-446B-A5A6-FE20EDA3AEC5} = {4793D4AA-9CC2-4A3E-A833-DE840D7CA7B3}
		{2AD8FCB8-3A8B-473F-B2CC-52CAF7DBE7C5} = {4793D4AA-9CC2-4A3E-A833-DE840D7CA7B3}
	EndGlobalSection
EndGlobal
